<Solution>
  <Folder Name="/Solution Items/">
    <File Path="launchSettings.json" />
  </Folder>
  <Folder Name="/Services/">
    <Project Path="Services/BackOfficeService/BackOfficeService.csproj" />
    <Project Path="Services/FlightOpsService/FlightOpsService.csproj" />
    <Project Path="Services/PassengerService/PassengerService.csproj" />
    <Project Path="Services/PaymentService/PaymentService.csproj" />
  </Folder>
  <Folder Name="/Gateways/">
    <Project Path="ApiGateway/ApiGateway.csproj" />
  </Folder>
  <Folder Name="/Tests/">
    <Project Path="Tests/BackOfficeService.Tests/BackOfficeService.Tests.csproj" />
    <Project Path="Tests/PassengerService.Tests/PassengerService.Tests.csproj" />
  </Folder>
  <Project Path="Shared/Shared.csproj" />
</Solution>
