<Solution>

  <Folder Name="/Solution Items/">
    <File Path=".gitignore" />
    <File Path="docker-compose.yml" />
    <File Path="README.md" />
    <File Path="QUICKSTART.md" />
    <File Path="API_DOCUMENTATION.md" />
    <File Path="BUILD_INSTRUCTIONS.md" />
    <File Path="COMPLETION_SUMMARY.md" />
    <File Path="FILE_TREE.md" />
    <File Path="PROJECT_COMPLETION.md" />
    <File Path="INDEX.md" />
    <File Path="VISUAL_STUDIO_SETUP.md" />
    <File Path="RUNNING_MULTIPLE_SERVICES.md" />
    <File Path="SOLUTION_FILE_GUIDE.md" />
    <File Path="GET_STARTED.md" />
  </Folder>

  <Project Path="Shared/Shared.csproj" />

  <Project Path="Services/BackOfficeService/BackOfficeService.csproj" />
  <Project Path="Services/FlightOpsService/FlightOpsService.csproj" />
  <Project Path="Services/PassengerService/PassengerService.csproj" />
  <Project Path="Services/PaymentService/PaymentService.csproj" />

  <Project Path="ApiGateway/ApiGateway.csproj" />

  <Folder Name="/Tests/">
    <Project Path="Tests/AdminService.Tests/AdminService.Tests.csproj" />
    <Project Path="Tests/PassengerService.Tests/PassengerService.Tests.csproj" />
    <Project Path="Tests/FlightService.Tests/FlightService.Tests.csproj" />
  </Folder>

</Solution>